{
  "name": "exif-tool",
  "version": "1.0.0",
  "lockfileVersion": 1,
  "requires": true,
  "dependencies": {
    "catchment": {
      "version": "1.0.0",
      "resolved": "https://registry.npmjs.org/catchment/-/catchment-1.0.0.tgz",
      "integrity": "sha1-MGH3G+AQJxC+hDKNL5Q2OhZfjEs="
    },
    "csv": {
      "version": "5.1.1",
      "resolved": "https://registry.npmjs.org/csv/-/csv-5.1.1.tgz",
      "integrity": "sha512-gezB9D+enrh2tLj+vsAD8JyYRMIJdSMpec/Pgbb+7YRj6Q6/D12HLSwjhx+CrirRT4dESjZYXWX1JfqlV4RlTA==",
      "requires": {
        "csv-generate": "^3.2.0",
        "csv-parse": "^4.3.0",
        "csv-stringify": "^5.1.2",
        "stream-transform": "^1.0.8"
      }
    },
    "csv-generate": {
      "version": "3.2.0",
      "resolved": "https://registry.npmjs.org/csv-generate/-/csv-generate-3.2.0.tgz",
      "integrity": "sha512-ZdS2KrgoLxm1guL9XhuaZX223Tiorldvl9QC0M/gihcrJavNDokAp/rX3CyyRHpK+rImxEE3L47cHe7npQMkkg=="
    },
    "csv-parse": {
      "version": "4.3.3",
      "resolved": "https://registry.npmjs.org/csv-parse/-/csv-parse-4.3.3.tgz",
      "integrity": "sha512-bZ+AZjm2LlWEp5+TKeFeXDldduCUUaxEif+KUv+zvAwmCvCKTqeSHVEyxztGCQ6OE+87ObRq4NsCmg91SuJbhQ=="
    },
    "csv-stringify": {
      "version": "5.3.0",
      "resolved": "https://registry.npmjs.org/csv-stringify/-/csv-stringify-5.3.0.tgz",
      "integrity": "sha512-VMYPbE8zWz475smwqb9VbX9cj0y4J0PBl59UdcqzLkzXHZZ8dh4Rmbb0ZywsWEtUml4A96Hn7Q5MW9ppVghYzg==",
      "requires": {
        "lodash.get": "~4.4.2"
      }
    },
    "dist-exiftool": {
      "version": "10.53.0",
      "resolved": "https://registry.npmjs.org/dist-exiftool/-/dist-exiftool-10.53.0.tgz",
      "integrity": "sha1-i9F7rB5D3qzYHZrazQ8eJMaQEA8=",
      "requires": {
        "exiftool.exe": "^10.53.0",
        "exiftool.pl": "10.53",
        "platform-dependent-modules": "0.0.14"
      }
    },
    "exiftool.exe": {
      "version": "10.53.0",
      "resolved": "https://registry.npmjs.org/exiftool.exe/-/exiftool.exe-10.53.0.tgz",
      "integrity": "sha1-IrHOYPuNtYlGnRqlsKH+CaNbxFQ=",
      "optional": true
    },
    "exiftool.pl": {
      "version": "10.53.0",
      "resolved": "https://registry.npmjs.org/exiftool.pl/-/exiftool.pl-10.53.0.tgz",
      "integrity": "sha1-Y8FkazrQrtHOExPXtdB9pNexPYQ=",
      "optional": true
    },
    "is-stream": {
      "version": "1.1.0",
      "resolved": "https://registry.npmjs.org/is-stream/-/is-stream-1.1.0.tgz",
      "integrity": "sha1-EtSj3U5o4Lec6428hBc66A2RykQ="
    },
    "lodash.get": {
      "version": "4.4.2",
      "resolved": "https://registry.npmjs.org/lodash.get/-/lodash.get-4.4.2.tgz",
      "integrity": "sha1-LRd/ZS+jHpObRDjVNBSZ36OCXpk="
    },
    "makepromise": {
      "version": "1.0.0",
      "resolved": "https://registry.npmjs.org/makepromise/-/makepromise-1.0.0.tgz",
      "integrity": "sha1-vGu2o+Bv1wbfUcKSO2k2+r1wqn8="
    },
    "node-exiftool": {
      "version": "2.3.0",
      "resolved": "https://registry.npmjs.org/node-exiftool/-/node-exiftool-2.3.0.tgz",
      "integrity": "sha1-1RQtNN5vFoO0ZVGYtkjn4+5ugKw=",
      "requires": {
        "is-stream": "1.1.0",
        "restream": "1.2.0",
        "wrote": "0.6.1"
      }
    },
    "platform-dependent-modules": {
      "version": "0.0.14",
      "resolved": "https://registry.npmjs.org/platform-dependent-modules/-/platform-dependent-modules-0.0.14.tgz",
      "integrity": "sha1-PFPQQV2BziLc/eFWZdDP1UHUFhc="
    },
    "restream": {
      "version": "1.2.0",
      "resolved": "https://registry.npmjs.org/restream/-/restream-1.2.0.tgz",
      "integrity": "sha1-/ROwMaVOgMxl0YeMQxSfGzpA77s="
    },
    "stream-transform": {
      "version": "1.0.8",
      "resolved": "https://registry.npmjs.org/stream-transform/-/stream-transform-1.0.8.tgz",
      "integrity": "sha512-1q+dL790Ps0NV33rISMq9OLtfDA9KMJZdo1PHZXE85orrWsM4FAh8CVyAOTHO0rhyeM138KNPngBPrx33bFsxw=="
    },
    "wrote": {
      "version": "0.6.1",
      "resolved": "https://registry.npmjs.org/wrote/-/wrote-0.6.1.tgz",
      "integrity": "sha1-7/Ee/dbxhCSnC66i30Mirzdbj74=",
      "requires": {
        "catchment": "1.0.0",
        "makepromise": "1.0.0"
      }
    }
  }
}
